
Microsoft Visual Studio Solution File, Format Version 12.00
# Visual Studio 15
VisualStudioVersion = 15.0.28307.271
MinimumVisualStudioVersion = 10.0.40219.1
Project("{9A19103F-16F7-4668-BE54-9A1E7A4F7556}") = "ZoDream", "ZoDream\ZoDream.csproj", "{B1D3CD31-6BA5-4880-83F7-E050C442E7FF}"
EndProject
Global
	GlobalSection(SolutionConfigurationPlatforms) = preSolution
		Debug|Any CPU = Debug|Any CPU
		Release|Any CPU = Release|Any CPU
	EndGlobalSection
	GlobalSection(ProjectConfigurationPlatforms) = postSolution
		{B1D3CD31-6BA5-4880-83F7-E050C442E7FF}.Debug|Any CPU.ActiveCfg = Debug|Any CPU
		{B1D3CD31-6BA5-4880-83F7-E050C442E7FF}.Debug|Any CPU.Build.0 = Debug|Any CPU
		{B1D3CD31-6BA5-4880-83F7-E050C442E7FF}.Release|Any CPU.ActiveCfg = Release|Any CPU
		{B1D3CD31-6BA5-4880-83F7-E050C442E7FF}.Release|Any CPU.Build.0 = Release|Any CPU
	EndGlobalSection
	GlobalSection(SolutionProperties) = preSolution
		HideSolutionNode = FALSE
	EndGlobalSection
	GlobalSection(ExtensibilityGlobals) = postSolution
		SolutionGuid = {ED66F1DB-B9C1-4FFD-9ECC-EE4CD3598811}
	EndGlobalSection
EndGlobal
